
Microsoft Visual Studio Solution File, Format Version 12.00
# Visual Studio Version 17
VisualStudioVersion = 17.13.35806.99 d17.13
MinimumVisualStudioVersion = 10.0.40219.1
Project("{FAE04EC0-301F-11D3-BF4B-00C04F79EFBC}") = "ResourceGuardian", "ResourceGuardian.csproj", "{7414569E-C4D0-4806-9272-182A6C2100AD}"
EndProject
Global
	GlobalSection(SolutionConfigurationPlatforms) = preSolution
		Debug|Any CPU = Debug|Any CPU
		Release|Any CPU = Release|Any CPU
	EndGlobalSection
	GlobalSection(ProjectConfigurationPlatforms) = postSolution
		{7414569E-C4D0-4806-9272-182A6C2100AD}.Debug|Any CPU.ActiveCfg = Debug|Any CPU
		{7414569E-C4D0-4806-9272-182A6C2100AD}.Debug|Any CPU.Build.0 = Debug|Any CPU
		{7414569E-C4D0-4806-9272-182A6C2100AD}.Release|Any CPU.ActiveCfg = Release|Any CPU
		{7414569E-C4D0-4806-9272-182A6C2100AD}.Release|Any CPU.Build.0 = Release|Any CPU
	EndGlobalSection
	GlobalSection(SolutionProperties) = preSolution
		HideSolutionNode = FALSE
	EndGlobalSection
	GlobalSection(ExtensibilityGlobals) = postSolution
		SolutionGuid = {7521C7D2-F262-4D29-AA99-EA51A232826C}
	EndGlobalSection
EndGlobal
